
Microsoft Visual Studio Solution File, Format Version 12.00
# Visual Studio 15
VisualStudioVersion = 15.0.26430.13
MinimumVisualStudioVersion = 10.0.40219.1
Project("{FAE04EC0-301F-11D3-BF4B-00C04F79EFBC}") = "TWPBaseLib", "TWPBaseLib\TWPBaseLib.csproj", "{020DDB66-91A9-4A86-B466-5F4812081540}"
EndProject
Project("{FAE04EC0-301F-11D3-BF4B-00C04F79EFBC}") = "TWPVisualizer", "TWPVisualizer\TWPVisualizer.csproj", "{A9FD6D53-B3B6-430F-9E46-42FEB80D7344}"
	ProjectSection(ProjectDependencies) = postProject
		{020DDB66-91A9-4A86-B466-5F4812081540} = {020DDB66-91A9-4A86-B466-5F4812081540}
	EndProjectSection
EndProject
Global
	GlobalSection(SolutionConfigurationPlatforms) = preSolution
		Debug|Any CPU = Debug|Any CPU
		Release|Any CPU = Release|Any CPU
	EndGlobalSection
	GlobalSection(ProjectConfigurationPlatforms) = postSolution
		{020DDB66-91A9-4A86-B466-5F4812081540}.Debug|Any CPU.ActiveCfg = Debug|Any CPU
		{020DDB66-91A9-4A86-B466-5F4812081540}.Debug|Any CPU.Build.0 = Debug|Any CPU
		{020DDB66-91A9-4A86-B466-5F4812081540}.Release|Any CPU.ActiveCfg = Release|Any CPU
		{020DDB66-91A9-4A86-B466-5F4812081540}.Release|Any CPU.Build.0 = Release|Any CPU
		{A9FD6D53-B3B6-430F-9E46-42FEB80D7344}.Debug|Any CPU.ActiveCfg = Debug|Any CPU
		{A9FD6D53-B3B6-430F-9E46-42FEB80D7344}.Debug|Any CPU.Build.0 = Debug|Any CPU
		{A9FD6D53-B3B6-430F-9E46-42FEB80D7344}.Release|Any CPU.ActiveCfg = Release|Any CPU
		{A9FD6D53-B3B6-430F-9E46-42FEB80D7344}.Release|Any CPU.Build.0 = Release|Any CPU
	EndGlobalSection
	GlobalSection(SolutionProperties) = preSolution
		HideSolutionNode = FALSE
	EndGlobalSection
EndGlobal
